// !$*UTF8*$!
{
	archiveVersion = 1;
	classes = {
	};
	objectVersion = 46;
	objects = {

/* Begin PBXBuildFile section */
		0418D9091CC0A9A7009229D1 /* main.m in Sources */ = {isa = PBXBuildFile; fileRef = 0418D9081CC0A9A7009229D1 /* main.m */; };
		0418D90C1CC0A9A7009229D1 /* AppDelegate.m in Sources */ = {isa = PBXBuildFile; fileRef = 0418D90B1CC0A9A7009229D1 /* AppDelegate.m */; };
		0418D9121CC0A9A7009229D1 /* Main.storyboard in Resources */ = {isa = PBXBuildFile; fileRef = 0418D9101CC0A9A7009229D1 /* Main.storyboard */; };
		0418D9141CC0A9A7009229D1 /* Assets.xcassets in Resources */ = {isa = PBXBuildFile; fileRef = 0418D9131CC0A9A7009229D1 /* Assets.xcassets */; };
		0418D9171CC0A9A7009229D1 /* LaunchScreen.storyboard in Resources */ = {isa = PBXBuildFile; fileRef = 0418D9151CC0A9A7009229D1 /* LaunchScreen.storyboard */; };
		0418D9221CC0A9A7009229D1 /* _3Tests.m in Sources */ = {isa = PBXBuildFile; fileRef = 0418D9211CC0A9A7009229D1 /* _3Tests.m */; };
		0418D92D1CC0A9A7009229D1 /* _3UITests.m in Sources */ = {isa = PBXBuildFile; fileRef = 0418D92C1CC0A9A7009229D1 /* _3UITests.m */; };
		0418D96D1CC0BE09009229D1 /* AFHTTPSessionManager.m in Sources */ = {isa = PBXBuildFile; fileRef = 0418D93C1CC0BE09009229D1 /* AFHTTPSessionManager.m */; };
		0418D96E1CC0BE09009229D1 /* AFNetworkReachabilityManager.m in Sources */ = {isa = PBXBuildFile; fileRef = 0418D93F1CC0BE09009229D1 /* AFNetworkReachabilityManager.m */; };
		0418D96F1CC0BE09009229D1 /* AFSecurityPolicy.m in Sources */ = {isa = PBXBuildFile; fileRef = 0418D9411CC0BE09009229D1 /* AFSecurityPolicy.m */; };
		0418D9701CC0BE09009229D1 /* AFURLRequestSerialization.m in Sources */ = {isa = PBXBuildFile; fileRef = 0418D9431CC0BE09009229D1 /* AFURLRequestSerialization.m */; };
		0418D9711CC0BE09009229D1 /* AFURLResponseSerialization.m in Sources */ = {isa = PBXBuildFile; fileRef = 0418D9451CC0BE09009229D1 /* AFURLResponseSerialization.m */; };
		0418D9721CC0BE09009229D1 /* AFURLSessionManager.m in Sources */ = {isa = PBXBuildFile; fileRef = 0418D9471CC0BE09009229D1 /* AFURLSessionManager.m */; };
		0418D9731CC0BE09009229D1 /* NSObject+Log.m in Sources */ = {isa = PBXBuildFile; fileRef = 0418D94A1CC0BE09009229D1 /* NSObject+Log.m */; };
		0418D9741CC0BE09009229D1 /* MKAnnotationView+WebCache.m in Sources */ = {isa = PBXBuildFile; fileRef = 0418D94D1CC0BE09009229D1 /* MKAnnotationView+WebCache.m */; };
		0418D9751CC0BE09009229D1 /* NSData+ImageContentType.m in Sources */ = {isa = PBXBuildFile; fileRef = 0418D94F1CC0BE09009229D1 /* NSData+ImageContentType.m */; };
		0418D9761CC0BE09009229D1 /* SDImageCache.m in Sources */ = {isa = PBXBuildFile; fileRef = 0418D9511CC0BE09009229D1 /* SDImageCache.m */; };
		0418D9771CC0BE09009229D1 /* SDWebImageCompat.m in Sources */ = {isa = PBXBuildFile; fileRef = 0418D9531CC0BE09009229D1 /* SDWebImageCompat.m */; };
		0418D9781CC0BE09009229D1 /* SDWebImageDecoder.m in Sources */ = {isa = PBXBuildFile; fileRef = 0418D9551CC0BE09009229D1 /* SDWebImageDecoder.m */; };
		0418D9791CC0BE09009229D1 /* SDWebImageDownloader.m in Sources */ = {isa = PBXBuildFile; fileRef = 0418D9571CC0BE09009229D1 /* SDWebImageDownloader.m */; };
		0418D97A1CC0BE09009229D1 /* SDWebImageDownloaderOperation.m in Sources */ = {isa = PBXBuildFile; fileRef = 0418D9591CC0BE09009229D1 /* SDWebImageDownloaderOperation.m */; };
		0418D97B1CC0BE09009229D1 /* SDWebImageManager.m in Sources */ = {isa = PBXBuildFile; fileRef = 0418D95B1CC0BE09009229D1 /* SDWebImageManager.m */; };
		0418D97C1CC0BE09009229D1 /* SDWebImagePrefetcher.m in Sources */ = {isa = PBXBuildFile; fileRef = 0418D95E1CC0BE09009229D1 /* SDWebImagePrefetcher.m */; };
		0418D97D1CC0BE09009229D1 /* UIButton+WebCache.m in Sources */ = {isa = PBXBuildFile; fileRef = 0418D9601CC0BE09009229D1 /* UIButton+WebCache.m */; };
		0418D97E1CC0BE09009229D1 /* UIImage+GIF.m in Sources */ = {isa = PBXBuildFile; fileRef = 0418D9621CC0BE09009229D1 /* UIImage+GIF.m */; };
		0418D97F1CC0BE09009229D1 /* UIImage+MultiFormat.m in Sources */ = {isa = PBXBuildFile; fileRef = 0418D9641CC0BE09009229D1 /* UIImage+MultiFormat.m */; };
		0418D9801CC0BE09009229D1 /* UIImage+WebP.m in Sources */ = {isa = PBXBuildFile; fileRef = 0418D9661CC0BE09009229D1 /* UIImage+WebP.m */; };
		0418D9811CC0BE09009229D1 /* UIImageView+HighlightedWebCache.m in Sources */ = {isa = PBXBuildFile; fileRef = 0418D9681CC0BE09009229D1 /* UIImageView+HighlightedWebCache.m */; };
		0418D9821CC0BE09009229D1 /* UIImageView+WebCache.m in Sources */ = {isa = PBXBuildFile; fileRef = 0418D96A1CC0BE09009229D1 /* UIImageView+WebCache.m */; };
		0418D9831CC0BE09009229D1 /* UIView+WebCacheOperation.m in Sources */ = {isa = PBXBuildFile; fileRef = 0418D96C1CC0BE09009229D1 /* UIView+WebCacheOperation.m */; };
		0418D9891CC0C63D009229D1 /* CZTableViewController.m in Sources */ = {isa = PBXBuildFile; fileRef = 0418D9881CC0C63D009229D1 /* CZTableViewController.m */; };
		0418D98F1CC0CA10009229D1 /* CZCellTableViewCell.m in Sources */ = {isa = PBXBuildFile; fileRef = 0418D98E1CC0CA10009229D1 /* CZCellTableViewCell.m */; };
/* End PBXBuildFile section */

/* Begin PBXContainerItemProxy section */
		0418D91E1CC0A9A7009229D1 /* PBXContainerItemProxy */ = {
			isa = PBXContainerItemProxy;
			containerPortal = 0418D8FC1CC0A9A6009229D1 /* Project object */;
			proxyType = 1;
			remoteGlobalIDString = 0418D9031CC0A9A6009229D1;
			remoteInfo = 03;
		};
		0418D9291CC0A9A7009229D1 /* PBXContainerItemProxy */ = {
			isa = PBXContainerItemProxy;
			containerPortal = 0418D8FC1CC0A9A6009229D1 /* Project object */;
			proxyType = 1;
			remoteGlobalIDString = 0418D9031CC0A9A6009229D1;
			remoteInfo = 03;
		};
/* End PBXContainerItemProxy section */

/* Begin PBXFileReference section */
		0418D9041CC0A9A6009229D1 /* 03.app */ = {isa = PBXFileReference; explicitFileType = wrapper.application; includeInIndex = 0; path = 03.app; sourceTree = BUILT_PRODUCTS_DIR; };
		0418D9081CC0A9A7009229D1 /* main.m */ = {isa = PBXFileReference; lastKnownFileType = sourcecode.c.objc; path = main.m; sourceTree = "<group>"; };
		0418D90A1CC0A9A7009229D1 /* AppDelegate.h */ = {isa = PBXFileReference; lastKnownFileType = sourcecode.c.h; path = AppDelegate.h; sourceTree = "<group>"; };
		0418D90B1CC0A9A7009229D1 /* AppDelegate.m */ = {isa = PBXFileReference; lastKnownFileType = sourcecode.c.objc; path = AppDelegate.m; sourceTree = "<group>"; };
		0418D9111CC0A9A7009229D1 /* Base */ = {isa = PBXFileReference; lastKnownFileType = file.storyboard; name = Base; path = Base.lproj/Main.storyboard; sourceTree = "<group>"; };
		0418D9131CC0A9A7009229D1 /* Assets.xcassets */ = {isa = PBXFileReference; lastKnownFileType = folder.assetcatalog; path = Assets.xcassets; sourceTree = "<group>"; };
		0418D9161CC0A9A7009229D1 /* Base */ = {isa = PBXFileReference; lastKnownFileType = file.storyboard; name = Base; path = Base.lproj/LaunchScreen.storyboard; sourceTree = "<group>"; };
		0418D9181CC0A9A7009229D1 /* Info.plist */ = {isa = PBXFileReference; lastKnownFileType = text.plist.xml; path = Info.plist; sourceTree = "<group>"; };
		0418D91D1CC0A9A7009229D1 /* 03Tests.xctest */ = {isa = PBXFileReference; explicitFileType = wrapper.cfbundle; includeInIndex = 0; path = 03Tests.xctest; sourceTree = BUILT_PRODUCTS_DIR; };
		0418D9211CC0A9A7009229D1 /* _3Tests.m */ = {isa = PBXFileReference; lastKnownFileType = sourcecode.c.objc; path = _3Tests.m; sourceTree = "<group>"; };
		0418D9231CC0A9A7009229D1 /* Info.plist */ = {isa = PBXFileReference; lastKnownFileType = text.plist.xml; path = Info.plist; sourceTree = "<group>"; };
		0418D9281CC0A9A7009229D1 /* 03UITests.xctest */ = {isa = PBXFileReference; explicitFileType = wrapper.cfbundle; includeInIndex = 0; path = 03UITests.xctest; sourceTree = BUILT_PRODUCTS_DIR; };
		0418D92C1CC0A9A7009229D1 /* _3UITests.m */ = {isa = PBXFileReference; lastKnownFileType = sourcecode.c.objc; path = _3UITests.m; sourceTree = "<group>"; };
		0418D92E1CC0A9A7009229D1 /* Info.plist */ = {isa = PBXFileReference; lastKnownFileType = text.plist.xml; path = Info.plist; sourceTree = "<group>"; };
		0418D93B1CC0BE09009229D1 /* AFHTTPSessionManager.h */ = {isa = PBXFileReference; fileEncoding = 4; lastKnownFileType = sourcecode.c.h; path = AFHTTPSessionManager.h; sourceTree = "<group>"; };
		0418D93C1CC0BE09009229D1 /* AFHTTPSessionManager.m */ = {isa = PBXFileReference; fileEncoding = 4; lastKnownFileType = sourcecode.c.objc; path = AFHTTPSessionManager.m; sourceTree = "<group>"; };
		0418D93D1CC0BE09009229D1 /* AFNetworking.h */ = {isa = PBXFileReference; fileEncoding = 4; lastKnownFileType = sourcecode.c.h; path = AFNetworking.h; sourceTree = "<group>"; };
		0418D93E1CC0BE09009229D1 /* AFNetworkReachabilityManager.h */ = {isa = PBXFileReference; fileEncoding = 4; lastKnownFileType = sourcecode.c.h; path = AFNetworkReachabilityManager.h; sourceTree = "<group>"; };
		0418D93F1CC0BE09009229D1 /* AFNetworkReachabilityManager.m */ = {isa = PBXFileReference; fileEncoding = 4; lastKnownFileType = sourcecode.c.objc; path = AFNetworkReachabilityManager.m; sourceTree = "<group>"; };
		0418D9401CC0BE09009229D1 /* AFSecurityPolicy.h */ = {isa = PBXFileReference; fileEncoding = 4; lastKnownFileType = sourcecode.c.h; path = AFSecurityPolicy.h; sourceTree = "<group>"; };
		0418D9411CC0BE09009229D1 /* AFSecurityPolicy.m */ = {isa = PBXFileReference; fileEncoding = 4; lastKnownFileType = sourcecode.c.objc; path = AFSecurityPolicy.m; sourceTree = "<group>"; };
		0418D9421CC0BE09009229D1 /* AFURLRequestSerialization.h */ = {isa = PBXFileReference; fileEncoding = 4; lastKnownFileType = sourcecode.c.h; path = AFURLRequestSerialization.h; sourceTree = "<group>"; };
		0418D9431CC0BE09009229D1 /* AFURLRequestSerialization.m */ = {isa = PBXFileReference; fileEncoding = 4; lastKnownFileType = sourcecode.c.objc; path = AFURLRequestSerialization.m; sourceTree = "<group>"; };
		0418D9441CC0BE09009229D1 /* AFURLResponseSerialization.h */ = {isa = PBXFileReference; fileEncoding = 4; lastKnownFileType = sourcecode.c.h; path = AFURLResponseSerialization.h; sourceTree = "<group>"; };
		0418D9451CC0BE09009229D1 /* AFURLResponseSerialization.m */ = {isa = PBXFileReference; fileEncoding = 4; lastKnownFileType = sourcecode.c.objc; path = AFURLResponseSerialization.m; sourceTree = "<group>"; };
		0418D9461CC0BE09009229D1 /* AFURLSessionManager.h */ = {isa = PBXFileReference; fileEncoding = 4; lastKnownFileType = sourcecode.c.h; path = AFURLSessionManager.h; sourceTree = "<group>"; };
		0418D9471CC0BE09009229D1 /* AFURLSessionManager.m */ = {isa = PBXFileReference; fileEncoding = 4; lastKnownFileType = sourcecode.c.objc; path = AFURLSessionManager.m; sourceTree = "<group>"; };
		0418D9491CC0BE09009229D1 /* NSObject+Log.h */ = {isa = PBXFileReference; fileEncoding = 4; lastKnownFileType = sourcecode.c.h; path = "NSObject+Log.h"; sourceTree = "<group>"; };
		0418D94A1CC0BE09009229D1 /* NSObject+Log.m */ = {isa = PBXFileReference; fileEncoding = 4; lastKnownFileType = sourcecode.c.objc; path = "NSObject+Log.m"; sourceTree = "<group>"; };
		0418D94C1CC0BE09009229D1 /* MKAnnotationView+WebCache.h */ = {isa = PBXFileReference; fileEncoding = 4; lastKnownFileType = sourcecode.c.h; path = "MKAnnotationView+WebCache.h"; sourceTree = "<group>"; };
		0418D94D1CC0BE09009229D1 /* MKAnnotationView+WebCache.m */ = {isa = PBXFileReference; fileEncoding = 4; lastKnownFileType = sourcecode.c.objc; path = "MKAnnotationView+WebCache.m"; sourceTree = "<group>"; };
		0418D94E1CC0BE09009229D1 /* NSData+ImageContentType.h */ = {isa = PBXFileReference; fileEncoding = 4; lastKnownFileType = sourcecode.c.h; path = "NSData+ImageContentType.h"; sourceTree = "<group>"; };
		0418D94F1CC0BE09009229D1 /* NSData+ImageContentType.m */ = {isa = PBXFileReference; fileEncoding = 4; lastKnownFileType = sourcecode.c.objc; path = "NSData+ImageContentType.m"; sourceTree = "<group>"; };
		0418D9501CC0BE09009229D1 /* SDImageCache.h */ = {isa = PBXFileReference; fileEncoding = 4; lastKnownFileType = sourcecode.c.h; path = SDImageCache.h; sourceTree = "<group>"; };
		0418D9511CC0BE09009229D1 /* SDImageCache.m */ = {isa = PBXFileReference; fileEncoding = 4; lastKnownFileType = sourcecode.c.objc; path = SDImageCache.m; sourceTree = "<group>"; };
		0418D9521CC0BE09009229D1 /* SDWebImageCompat.h */ = {isa = PBXFileReference; fileEncoding = 4; lastKnownFileType = sourcecode.c.h; path = SDWebImageCompat.h; sourceTree = "<group>"; };
		0418D9531CC0BE09009229D1 /* SDWebImageCompat.m */ = {isa = PBXFileReference; fileEncoding = 4; lastKnownFileType = sourcecode.c.objc; path = SDWebImageCompat.m; sourceTree = "<group>"; };
		0418D9541CC0BE09009229D1 /* SDWebImageDecoder.h */ = {isa = PBXFileReference; fileEncoding = 4; lastKnownFileType = sourcecode.c.h; path = SDWebImageDecoder.h; sourceTree = "<group>"; };
		0418D9551CC0BE09009229D1 /* SDWebImageDecoder.m */ = {isa = PBXFileReference; fileEncoding = 4; lastKnownFileType = sourcecode.c.objc; path = SDWebImageDecoder.m; sourceTree = "<group>"; };
		0418D9561CC0BE09009229D1 /* SDWebImageDownloader.h */ = {isa = PBXFileReference; fileEncoding = 4; lastKnownFileType = sourcecode.c.h; path = SDWebImageDownloader.h; sourceTree = "<group>"; };
		0418D9571CC0BE09009229D1 /* SDWebImageDownloader.m */ = {isa = PBXFileReference; fileEncoding = 4; lastKnownFileType = sourcecode.c.objc; path = SDWebImageDownloader.m; sourceTree = "<group>"; };
		0418D9581CC0BE09009229D1 /* SDWebImageDownloaderOperation.h */ = {isa = PBXFileReference; fileEncoding = 4; lastKnownFileType = sourcecode.c.h; path = SDWebImageDownloaderOperation.h; sourceTree = "<group>"; };
		0418D9591CC0BE09009229D1 /* SDWebImageDownloaderOperation.m */ = {isa = PBXFileReference; fileEncoding = 4; lastKnownFileType = sourcecode.c.objc; path = SDWebImageDownloaderOperation.m; sourceTree = "<group>"; };
		0418D95A1CC0BE09009229D1 /* SDWebImageManager.h */ = {isa = PBXFileReference; fileEncoding = 4; lastKnownFileType = sourcecode.c.h; path = SDWebImageManager.h; sourceTree = "<group>"; };
		0418D95B1CC0BE09009229D1 /* SDWebImageManager.m */ = {isa = PBXFileReference; fileEncoding = 4; lastKnownFileType = sourcecode.c.objc; path = SDWebImageManager.m; sourceTree = "<group>"; };
		0418D95C1CC0BE09009229D1 /* SDWebImageOperation.h */ = {isa = PBXFileReference; fileEncoding = 4; lastKnownFileType = sourcecode.c.h; path = SDWebImageOperation.h; sourceTree = "<group>"; };
		0418D95D1CC0BE09009229D1 /* SDWebImagePrefetcher.h */ = {isa = PBXFileReference; fileEncoding = 4; lastKnownFileType = sourcecode.c.h; path = SDWebImagePrefetcher.h; sourceTree = "<group>"; };
		0418D95E1CC0BE09009229D1 /* SDWebImagePrefetcher.m */ = {isa = PBXFileReference; fileEncoding = 4; lastKnownFileType = sourcecode.c.objc; path = SDWebImagePrefetcher.m; sourceTree = "<group>"; };
		0418D95F1CC0BE09009229D1 /* UIButton+WebCache.h */ = {isa = PBXFileReference; fileEncoding = 4; lastKnownFileType = sourcecode.c.h; path = "UIButton+WebCache.h"; sourceTree = "<group>"; };
		0418D9601CC0BE09009229D1 /* UIButton+WebCache.m */ = {isa = PBXFileReference; fileEncoding = 4; lastKnownFileType = sourcecode.c.objc; path = "UIButton+WebCache.m"; sourceTree = "<group>"; };
		0418D9611CC0BE09009229D1 /* UIImage+GIF.h */ = {isa = PBXFileReference; fileEncoding = 4; lastKnownFileType = sourcecode.c.h; path = "UIImage+GIF.h"; sourceTree = "<group>"; };
		0418D9621CC0BE09009229D1 /* UIImage+GIF.m */ = {isa = PBXFileReference; fileEncoding = 4; lastKnownFileType = sourcecode.c.objc; path = "UIImage+GIF.m"; sourceTree = "<group>"; };
		0418D9631CC0BE09009229D1 /* UIImage+MultiFormat.h */ = {isa = PBXFileReference; fileEncoding = 4; lastKnownFileType = sourcecode.c.h; path = "UIImage+MultiFormat.h"; sourceTree = "<group>"; };
		0418D9641CC0BE09009229D1 /* UIImage+MultiFormat.m */ = {isa = PBXFileReference; fileEncoding = 4; lastKnownFileType = sourcecode.c.objc; path = "UIImage+MultiFormat.m"; sourceTree = "<group>"; };
		0418D9651CC0BE09009229D1 /* UIImage+WebP.h */ = {isa = PBXFileReference; fileEncoding = 4; lastKnownFileType = sourcecode.c.h; path = "UIImage+WebP.h"; sourceTree = "<group>"; };
		0418D9661CC0BE09009229D1 /* UIImage+WebP.m */ = {isa = PBXFileReference; fileEncoding = 4; lastKnownFileType = sourcecode.c.objc; path = "UIImage+WebP.m"; sourceTree = "<group>"; };
		0418D9671CC0BE09009229D1 /* UIImageView+HighlightedWebCache.h */ = {isa = PBXFileReference; fileEncoding = 4; lastKnownFileType = sourcecode.c.h; path = "UIImageView+HighlightedWebCache.h"; sourceTree = "<group>"; };
		0418D9681CC0BE09009229D1 /* UIImageView+HighlightedWebCache.m */ = {isa = PBXFileReference; fileEncoding = 4; lastKnownFileType = sourcecode.c.objc; path = "UIImageView+HighlightedWebCache.m"; sourceTree = "<group>"; };
		0418D9691CC0BE09009229D1 /* UIImageView+WebCache.h */ = {isa = PBXFileReference; fileEncoding = 4; lastKnownFileType = sourcecode.c.h; path = "UIImageView+WebCache.h"; sourceTree = "<group>"; };
		0418D96A1CC0BE09009229D1 /* UIImageView+WebCache.m */ = {isa = PBXFileReference; fileEncoding = 4; lastKnownFileType = sourcecode.c.objc; path = "UIImageView+WebCache.m"; sourceTree = "<group>"; };
		0418D96B1CC0BE09009229D1 /* UIView+WebCacheOperation.h */ = {isa = PBXFileReference; fileEncoding = 4; lastKnownFileType = sourcecode.c.h; path = "UIView+WebCacheOperation.h"; sourceTree = "<group>"; };
		0418D96C1CC0BE09009229D1 /* UIView+WebCacheOperation.m */ = {isa = PBXFileReference; fileEncoding = 4; lastKnownFileType = sourcecode.c.objc; path = "UIView+WebCacheOperation.m"; sourceTree = "<group>"; };
		0418D9871CC0C63D009229D1 /* CZTableViewController.h */ = {isa = PBXFileReference; fileEncoding = 4; lastKnownFileType = sourcecode.c.h; path = CZTableViewController.h; sourceTree = "<group>"; };
		0418D9881CC0C63D009229D1 /* CZTableViewController.m */ = {isa = PBXFileReference; fileEncoding = 4; lastKnownFileType = sourcecode.c.objc; path = CZTableViewController.m; sourceTree = "<group>"; };
		0418D98D1CC0CA10009229D1 /* CZCellTableViewCell.h */ = {isa = PBXFileReference; fileEncoding = 4; lastKnownFileType = sourcecode.c.h; path = CZCellTableViewCell.h; sourceTree = "<group>"; };
		0418D98E1CC0CA10009229D1 /* CZCellTableViewCell.m */ = {isa = PBXFileReference; fileEncoding = 4; lastKnownFileType = sourcecode.c.objc; path = CZCellTableViewCell.m; sourceTree = "<group>"; };
/* End PBXFileReference section */

/* Begin PBXFrameworksBuildPhase section */
		0418D9011CC0A9A6009229D1 /* Frameworks */ = {
			isa = PBXFrameworksBuildPhase;
			buildActionMask = 2147483647;
			files = (
			);
			runOnlyForDeploymentPostprocessing = 0;
		};
		0418D91A1CC0A9A7009229D1 /* Frameworks */ = {
			isa = PBXFrameworksBuildPhase;
			buildActionMask = 2147483647;
			files = (
			);
			runOnlyForDeploymentPostprocessing = 0;
		};
		0418D9251CC0A9A7009229D1 /* Frameworks */ = {
			isa = PBXFrameworksBuildPhase;
			buildActionMask = 2147483647;
			files = (
			);
			runOnlyForDeploymentPostprocessing = 0;
		};
/* End PBXFrameworksBuildPhase section */

/* Begin PBXGroup section */
		0418D8FB1CC0A9A6009229D1 = {
			isa = PBXGroup;
			children = (
				0418D9061CC0A9A6009229D1 /* 03 */,
				0418D9201CC0A9A7009229D1 /* 03Tests */,
				0418D92B1CC0A9A7009229D1 /* 03UITests */,
				0418D9051CC0A9A6009229D1 /* Products */,
			);
			sourceTree = "<group>";
		};
		0418D9051CC0A9A6009229D1 /* Products */ = {
			isa = PBXGroup;
			children = (
				0418D9041CC0A9A6009229D1 /* 03.app */,
				0418D91D1CC0A9A7009229D1 /* 03Tests.xctest */,
				0418D9281CC0A9A7009229D1 /* 03UITests.xctest */,
			);
			name = Products;
			sourceTree = "<group>";
		};
		0418D9061CC0A9A6009229D1 /* 03 */ = {
			isa = PBXGroup;
			children = (
				0418D93A1CC0BE09009229D1 /* AFNetworking */,
				0418D9481CC0BE09009229D1 /* Log */,
				0418D94B1CC0BE09009229D1 /* SDWebImage */,
				0418D90A1CC0A9A7009229D1 /* AppDelegate.h */,
				0418D90B1CC0A9A7009229D1 /* AppDelegate.m */,
				0418D9101CC0A9A7009229D1 /* Main.storyboard */,
				0418D98D1CC0CA10009229D1 /* CZCellTableViewCell.h */,
				0418D98E1CC0CA10009229D1 /* CZCellTableViewCell.m */,
				0418D9871CC0C63D009229D1 /* CZTableViewController.h */,
				0418D9881CC0C63D009229D1 /* CZTableViewController.m */,
				0418D9131CC0A9A7009229D1 /* Assets.xcassets */,
				0418D9151CC0A9A7009229D1 /* LaunchScreen.storyboard */,
				0418D9181CC0A9A7009229D1 /* Info.plist */,
				0418D9071CC0A9A7009229D1 /* Supporting Files */,
			);
			path = 03;
			sourceTree = "<group>";
		};
		0418D9071CC0A9A7009229D1 /* Supporting Files */ = {
			isa = PBXGroup;
			children = (
				0418D9081CC0A9A7009229D1 /* main.m */,
			);
			name = "Supporting Files";
			sourceTree = "<group>";
		};
		0418D9201CC0A9A7009229D1 /* 03Tests */ = {
			isa = PBXGroup;
			children = (
				0418D9211CC0A9A7009229D1 /* _3Tests.m */,
				0418D9231CC0A9A7009229D1 /* Info.plist */,
			);
			path = 03Tests;
			sourceTree = "<group>";
		};
		0418D92B1CC0A9A7009229D1 /* 03UITests */ = {
			isa = PBXGroup;
			children = (
				0418D92C1CC0A9A7009229D1 /* _3UITests.m */,
				0418D92E1CC0A9A7009229D1 /* Info.plist */,
			);
			path = 03UITests;
			sourceTree = "<group>";
		};
		0418D93A1CC0BE09009229D1 /* AFNetworking */ = {
			isa = PBXGroup;
			children = (
				0418D93B1CC0BE09009229D1 /* AFHTTPSessionManager.h */,
				0418D93C1CC0BE09009229D1 /* AFHTTPSessionManager.m */,
				0418D93D1CC0BE09009229D1 /* AFNetworking.h */,
				0418D93E1CC0BE09009229D1 /* AFNetworkReachabilityManager.h */,
				0418D93F1CC0BE09009229D1 /* AFNetworkReachabilityManager.m */,
				0418D9401CC0BE09009229D1 /* AFSecurityPolicy.h */,
				0418D9411CC0BE09009229D1 /* AFSecurityPolicy.m */,
				0418D9421CC0BE09009229D1 /* AFURLRequestSerialization.h */,
				0418D9431CC0BE09009229D1 /* AFURLRequestSerialization.m */,
				0418D9441CC0BE09009229D1 /* AFURLResponseSerialization.h */,
				0418D9451CC0BE09009229D1 /* AFURLResponseSerialization.m */,
				0418D9461CC0BE09009229D1 /* AFURLSessionManager.h */,
				0418D9471CC0BE09009229D1 /* AFURLSessionManager.m */,
			);
			path = AFNetworking;
			sourceTree = "<group>";
		};
		0418D9481CC0BE09009229D1 /* Log */ = {
			isa = PBXGroup;
			children = (
				0418D9491CC0BE09009229D1 /* NSObject+Log.h */,
				0418D94A1CC0BE09009229D1 /* NSObject+Log.m */,
			);
			path = Log;
			sourceTree = "<group>";
		};
		0418D94B1CC0BE09009229D1 /* SDWebImage */ = {
			isa = PBXGroup;
			children = (
				0418D94C1CC0BE09009229D1 /* MKAnnotationView+WebCache.h */,
				0418D94D1CC0BE09009229D1 /* MKAnnotationView+WebCache.m */,
				0418D94E1CC0BE09009229D1 /* NSData+ImageContentType.h */,
				0418D94F1CC0BE09009229D1 /* NSData+ImageContentType.m */,
				0418D9501CC0BE09009229D1 /* SDImageCache.h */,
				0418D9511CC0BE09009229D1 /* SDImageCache.m */,
				0418D9521CC0BE09009229D1 /* SDWebImageCompat.h */,
				0418D9531CC0BE09009229D1 /* SDWebImageCompat.m */,
				0418D9541CC0BE09009229D1 /* SDWebImageDecoder.h */,
				0418D9551CC0BE09009229D1 /* SDWebImageDecoder.m */,
				0418D9561CC0BE09009229D1 /* SDWebImageDownloader.h */,
				0418D9571CC0BE09009229D1 /* SDWebImageDownloader.m */,
				0418D9581CC0BE09009229D1 /* SDWebImageDownloaderOperation.h */,
				0418D9591CC0BE09009229D1 /* SDWebImageDownloaderOperation.m */,
				0418D95A1CC0BE09009229D1 /* SDWebImageManager.h */,
				0418D95B1CC0BE09009229D1 /* SDWebImageManager.m */,
				0418D95C1CC0BE09009229D1 /* SDWebImageOperation.h */,
				0418D95D1CC0BE09009229D1 /* SDWebImagePrefetcher.h */,
				0418D95E1CC0BE09009229D1 /* SDWebImagePrefetcher.m */,
				0418D95F1CC0BE09009229D1 /* UIButton+WebCache.h */,
				0418D9601CC0BE09009229D1 /* UIButton+WebCache.m */,
				0418D9611CC0BE09009229D1 /* UIImage+GIF.h */,
				0418D9621CC0BE09009229D1 /* UIImage+GIF.m */,
				0418D9631CC0BE09009229D1 /* UIImage+MultiFormat.h */,
				0418D9641CC0BE09009229D1 /* UIImage+MultiFormat.m */,
				0418D9651CC0BE09009229D1 /* UIImage+WebP.h */,
				0418D9661CC0BE09009229D1 /* UIImage+WebP.m */,
				0418D9671CC0BE09009229D1 /* UIImageView+HighlightedWebCache.h */,
				0418D9681CC0BE09009229D1 /* UIImageView+HighlightedWebCache.m */,
				0418D9691CC0BE09009229D1 /* UIImageView+WebCache.h */,
				0418D96A1CC0BE09009229D1 /* UIImageView+WebCache.m */,
				0418D96B1CC0BE09009229D1 /* UIView+WebCacheOperation.h */,
				0418D96C1CC0BE09009229D1 /* UIView+WebCacheOperation.m */,
			);
			path = SDWebImage;
			sourceTree = "<group>";
		};
/* End PBXGroup section */

/* Begin PBXNativeTarget section */
		0418D9031CC0A9A6009229D1 /* 03 */ = {
			isa = PBXNativeTarget;
			buildConfigurationList = 0418D9311CC0A9A7009229D1 /* Build configuration list for PBXNativeTarget "03" */;
			buildPhases = (
				0418D9001CC0A9A6009229D1 /* Sources */,
				0418D9011CC0A9A6009229D1 /* Frameworks */,
				0418D9021CC0A9A6009229D1 /* Resources */,
			);
			buildRules = (
			);
			dependencies = (
			);
			name = 03;
			productName = 03;
			productReference = 0418D9041CC0A9A6009229D1 /* 03.app */;
			productType = "com.apple.product-type.application";
		};
		0418D91C1CC0A9A7009229D1 /* 03Tests */ = {
			isa = PBXNativeTarget;
			buildConfigurationList = 0418D9341CC0A9A7009229D1 /* Build configuration list for PBXNativeTarget "03Tests" */;
			buildPhases = (
				0418D9191CC0A9A7009229D1 /* Sources */,
				0418D91A1CC0A9A7009229D1 /* Frameworks */,
				0418D91B1CC0A9A7009229D1 /* Resources */,
			);
			buildRules = (
			);
			dependencies = (
				0418D91F1CC0A9A7009229D1 /* PBXTargetDependency */,
			);
			name = 03Tests;
			productName = 03Tests;
			productReference = 0418D91D1CC0A9A7009229D1 /* 03Tests.xctest */;
			productType = "com.apple.product-type.bundle.unit-test";
		};
		0418D9271CC0A9A7009229D1 /* 03UITests */ = {
			isa = PBXNativeTarget;
			buildConfigurationList = 0418D9371CC0A9A7009229D1 /* Build configuration list for PBXNativeTarget "03UITests" */;
			buildPhases = (
				0418D9241CC0A9A7009229D1 /* Sources */,
				0418D9251CC0A9A7009229D1 /* Frameworks */,
				0418D9261CC0A9A7009229D1 /* Resources */,
			);
			buildRules = (
			);
			dependencies = (
				0418D92A1CC0A9A7009229D1 /* PBXTargetDependency */,
			);
			name = 03UITests;
			productName = 03UITests;
			productReference = 0418D9281CC0A9A7009229D1 /* 03UITests.xctest */;
			productType = "com.apple.product-type.bundle.ui-testing";
		};
/* End PBXNativeTarget section */

/* Begin PBXProject section */
		0418D8FC1CC0A9A6009229D1 /* Project object */ = {
			isa = PBXProject;
			attributes = {
				LastUpgradeCheck = 0730;
				ORGANIZATIONNAME = fengzhixiang;
				TargetAttributes = {
					0418D9031CC0A9A6009229D1 = {
						CreatedOnToolsVersion = 7.3;
					};
					0418D91C1CC0A9A7009229D1 = {
						CreatedOnToolsVersion = 7.3;
						TestTargetID = 0418D9031CC0A9A6009229D1;
					};
					0418D9271CC0A9A7009229D1 = {
						CreatedOnToolsVersion = 7.3;
						TestTargetID = 0418D9031CC0A9A6009229D1;
					};
				};
			};
			buildConfigurationList = 0418D8FF1CC0A9A6009229D1 /* Build configuration list for PBXProject "03" */;
			compatibilityVersion = "Xcode 3.2";
			developmentRegion = English;
			hasScannedForEncodings = 0;
			knownRegions = (
				en,
				Base,
			);
			mainGroup = 0418D8FB1CC0A9A6009229D1;
			productRefGroup = 0418D9051CC0A9A6009229D1 /* Products */;
			projectDirPath = "";
			projectRoot = "";
			targets = (
				0418D9031CC0A9A6009229D1 /* 03 */,
				0418D91C1CC0A9A7009229D1 /* 03Tests */,
				0418D9271CC0A9A7009229D1 /* 03UITests */,
			);
		};
/* End PBXProject section */

/* Begin PBXResourcesBuildPhase section */
		0418D9021CC0A9A6009229D1 /* Resources */ = {
			isa = PBXResourcesBuildPhase;
			buildActionMask = 2147483647;
			files = (
				0418D9171CC0A9A7009229D1 /* LaunchScreen.storyboard in Resources */,
				0418D9141CC0A9A7009229D1 /* Assets.xcassets in Resources */,
				0418D9121CC0A9A7009229D1 /* Main.storyboard in Resources */,
			);
			runOnlyForDeploymentPostprocessing = 0;
		};
		0418D91B1CC0A9A7009229D1 /* Resources */ = {
			isa = PBXResourcesBuildPhase;
			buildActionMask = 2147483647;
			files = (
			);
			runOnlyForDeploymentPostprocessing = 0;
		};
		0418D9261CC0A9A7009229D1 /* Resources */ = {
			isa = PBXResourcesBuildPhase;
			buildActionMask = 2147483647;
			files = (
			);
			runOnlyForDeploymentPostprocessing = 0;
		};
/* End PBXResourcesBuildPhase section */

/* Begin PBXSourcesBuildPhase section */
		0418D9001CC0A9A6009229D1 /* Sources */ = {
			isa = PBXSourcesBuildPhase;
			buildActionMask = 2147483647;
			files = (
				0418D9721CC0BE09009229D1 /* AFURLSessionManager.m in Sources */,
				0418D9741CC0BE09009229D1 /* MKAnnotationView+WebCache.m in Sources */,
				0418D97C1CC0BE09009229D1 /* SDWebImagePrefetcher.m in Sources */,
				0418D97B1CC0BE09009229D1 /* SDWebImageManager.m in Sources */,
				0418D9731CC0BE09009229D1 /* NSObject+Log.m in Sources */,
				0418D90C1CC0A9A7009229D1 /* AppDelegate.m in Sources */,
				0418D9821CC0BE09009229D1 /* UIImageView+WebCache.m in Sources */,
				0418D9771CC0BE09009229D1 /* SDWebImageCompat.m in Sources */,
				0418D96E1CC0BE09009229D1 /* AFNetworkReachabilityManager.m in Sources */,
				0418D9781CC0BE09009229D1 /* SDWebImageDecoder.m in Sources */,
				0418D97F1CC0BE09009229D1 /* UIImage+MultiFormat.m in Sources */,
				0418D9801CC0BE09009229D1 /* UIImage+WebP.m in Sources */,
				0418D97A1CC0BE09009229D1 /* SDWebImageDownloaderOperation.m in Sources */,
				0418D9831CC0BE09009229D1 /* UIView+WebCacheOperation.m in Sources */,
				0418D9791CC0BE09009229D1 /* SDWebImageDownloader.m in Sources */,
				0418D97E1CC0BE09009229D1 /* UIImage+GIF.m in Sources */,
				0418D9091CC0A9A7009229D1 /* main.m in Sources */,
				0418D9891CC0C63D009229D1 /* CZTableViewController.m in Sources */,
				0418D96F1CC0BE09009229D1 /* AFSecurityPolicy.m in Sources */,
				0418D9701CC0BE09009229D1 /* AFURLRequestSerialization.m in Sources */,
				0418D9811CC0BE09009229D1 /* UIImageView+HighlightedWebCache.m in Sources */,
				0418D9711CC0BE09009229D1 /* AFURLResponseSerialization.m in Sources */,
				0418D9761CC0BE09009229D1 /* SDImageCache.m in Sources */,
				0418D97D1CC0BE09009229D1 /* UIButton+WebCache.m in Sources */,
				0418D9751CC0BE09009229D1 /* NSData+ImageContentType.m in Sources */,
				0418D98F1CC0CA10009229D1 /* CZCellTableViewCell.m in Sources */,
				0418D96D1CC0BE09009229D1 /* AFHTTPSessionManager.m in Sources */,
			);
			runOnlyForDeploymentPostprocessing = 0;
		};
		0418D9191CC0A9A7009229D1 /* Sources */ = {
			isa = PBXSourcesBuildPhase;
			buildActionMask = 2147483647;
			files = (
				0418D9221CC0A9A7009229D1 /* _3Tests.m in Sources */,
			);
			runOnlyForDeploymentPostprocessing = 0;
		};
		0418D9241CC0A9A7009229D1 /* Sources */ = {
			isa = PBXSourcesBuildPhase;
			buildActionMask = 2147483647;
			files = (
				0418D92D1CC0A9A7009229D1 /* _3UITests.m in Sources */,
			);
			runOnlyForDeploymentPostprocessing = 0;
		};
/* End PBXSourcesBuildPhase section */

/* Begin PBXTargetDependency section */
		0418D91F1CC0A9A7009229D1 /* PBXTargetDependency */ = {
			isa = PBXTargetDependency;
			target = 0418D9031CC0A9A6009229D1 /* 03 */;
			targetProxy = 0418D91E1CC0A9A7009229D1 /* PBXContainerItemProxy */;
		};
		0418D92A1CC0A9A7009229D1 /* PBXTargetDependency */ = {
			isa = PBXTargetDependency;
			target = 0418D9031CC0A9A6009229D1 /* 03 */;
			targetProxy = 0418D9291CC0A9A7009229D1 /* PBXContainerItemProxy */;
		};
/* End PBXTargetDependency section */

/* Begin PBXVariantGroup section */
		0418D9101CC0A9A7009229D1 /* Main.storyboard */ = {
			isa = PBXVariantGroup;
			children = (
				0418D9111CC0A9A7009229D1 /* Base */,
			);
			name = Main.storyboard;
			sourceTree = "<group>";
		};
		0418D9151CC0A9A7009229D1 /* LaunchScreen.storyboard */ = {
			isa = PBXVariantGroup;
			children = (
				0418D9161CC0A9A7009229D1 /* Base */,
			);
			name = LaunchScreen.storyboard;
			sourceTree = "<group>";
		};
/* End PBXVariantGroup section */

/* Begin XCBuildConfiguration section */
		0418D92F1CC0A9A7009229D1 /* Debug */ = {
			isa = XCBuildConfiguration;
			buildSettings = {
				ALWAYS_SEARCH_USER_PATHS = NO;
				CLANG_ANALYZER_NONNULL = YES;
				CLANG_CXX_LANGUAGE_STANDARD = "gnu++0x";
				CLANG_CXX_LIBRARY = "libc++";
				CLANG_ENABLE_MODULES = YES;
				CLANG_ENABLE_OBJC_ARC = YES;
				CLANG_WARN_BOOL_CONVERSION = YES;
				CLANG_WARN_CONSTANT_CONVERSION = YES;
				CLANG_WARN_DIRECT_OBJC_ISA_USAGE = YES_ERROR;
				CLANG_WARN_EMPTY_BODY = YES;
				CLANG_WARN_ENUM_CONVERSION = YES;
				CLANG_WARN_INT_CONVERSION = YES;
				CLANG_WARN_OBJC_ROOT_CLASS = YES_ERROR;
				CLANG_WARN_UNREACHABLE_CODE = YES;
				CLANG_WARN__DUPLICATE_METHOD_MATCH = YES;
				"CODE_SIGN_IDENTITY[sdk=iphoneos*]" = "iPhone Developer";
				COPY_PHASE_STRIP = NO;
				DEBUG_INFORMATION_FORMAT = dwarf;
				ENABLE_STRICT_OBJC_MSGSEND = YES;
				ENABLE_TESTABILITY = YES;
				GCC_C_LANGUAGE_STANDARD = gnu99;
				GCC_DYNAMIC_NO_PIC = NO;
				GCC_NO_COMMON_BLOCKS = YES;
				GCC_OPTIMIZATION_LEVEL = 0;
				GCC_PREPROCESSOR_DEFINITIONS = (
					"DEBUG=1",
					"$(inherited)",
				);
				GCC_WARN_64_TO_32_BIT_CONVERSION = YES;
				GCC_WARN_ABOUT_RETURN_TYPE = YES_ERROR;
				GCC_WARN_UNDECLARED_SELECTOR = YES;
				GCC_WARN_UNINITIALIZED_AUTOS = YES_AGGRESSIVE;
				GCC_WARN_UNUSED_FUNCTION = YES;
				GCC_WARN_UNUSED_VARIABLE = YES;
				IPHONEOS_DEPLOYMENT_TARGET = 9.3;
				MTL_ENABLE_DEBUG_INFO = YES;
				ONLY_ACTIVE_ARCH = YES;
				SDKROOT = iphoneos;
			};
			name = Debug;
		};
		0418D9301CC0A9A7009229D1 /* Release */ = {
			isa = XCBuildConfiguration;
			buildSettings = {
				ALWAYS_SEARCH_USER_PATHS = NO;
				CLANG_ANALYZER_NONNULL = YES;
				CLANG_CXX_LANGUAGE_STANDARD = "gnu++0x";
				CLANG_CXX_LIBRARY = "libc++";
				CLANG_ENABLE_MODULES = YES;
				CLANG_ENABLE_OBJC_ARC = YES;
				CLANG_WARN_BOOL_CONVERSION = YES;
				CLANG_WARN_CONSTANT_CONVERSION = YES;
				CLANG_WARN_DIRECT_OBJC_ISA_USAGE = YES_ERROR;
				CLANG_WARN_EMPTY_BODY = YES;
				CLANG_WARN_ENUM_CONVERSION = YES;
				CLANG_WARN_INT_CONVERSION = YES;
				CLANG_WARN_OBJC_ROOT_CLASS = YES_ERROR;
				CLANG_WARN_UNREACHABLE_CODE = YES;
				CLANG_WARN__DUPLICATE_METHOD_MATCH = YES;
				"CODE_SIGN_IDENTITY[sdk=iphoneos*]" = "iPhone Developer";
				COPY_PHASE_STRIP = NO;
				DEBUG_INFORMATION_FORMAT = "dwarf-with-dsym";
				ENABLE_NS_ASSERTIONS = NO;
				ENABLE_STRICT_OBJC_MSGSEND = YES;
				GCC_C_LANGUAGE_STANDARD = gnu99;
				GCC_NO_COMMON_BLOCKS = YES;
				GCC_WARN_64_TO_32_BIT_CONVERSION = YES;
				GCC_WARN_ABOUT_RETURN_TYPE = YES_ERROR;
				GCC_WARN_UNDECLARED_SELECTOR = YES;
				GCC_WARN_UNINITIALIZED_AUTOS = YES_AGGRESSIVE;
				GCC_WARN_UNUSED_FUNCTION = YES;
				GCC_WARN_UNUSED_VARIABLE = YES;
				IPHONEOS_DEPLOYMENT_TARGET = 9.3;
				MTL_ENABLE_DEBUG_INFO = NO;
				SDKROOT = iphoneos;
				VALIDATE_PRODUCT = YES;
			};
			name = Release;
		};
		0418D9321CC0A9A7009229D1 /* Debug */ = {
			isa = XCBuildConfiguration;
			buildSettings = {
				ASSETCATALOG_COMPILER_APPICON_NAME = AppIcon;
				INFOPLIST_FILE = 03/Info.plist;
				LD_RUNPATH_SEARCH_PATHS = "$(inherited) @executable_path/Frameworks";
				PRODUCT_BUNDLE_IDENTIFIER = "Dison.-3";
				PRODUCT_NAME = "$(TARGET_NAME)";
			};
			name = Debug;
		};
		0418D9331CC0A9A7009229D1 /* Release */ = {
			isa = XCBuildConfiguration;
			buildSettings = {
				ASSETCATALOG_COMPILER_APPICON_NAME = AppIcon;
				INFOPLIST_FILE = 03/Info.plist;
				LD_RUNPATH_SEARCH_PATHS = "$(inherited) @executable_path/Frameworks";
				PRODUCT_BUNDLE_IDENTIFIER = "Dison.-3";
				PRODUCT_NAME = "$(TARGET_NAME)";
			};
			name = Release;
		};
		0418D9351CC0A9A7009229D1 /* Debug */ = {
			isa = XCBuildConfiguration;
			buildSettings = {
				BUNDLE_LOADER = "$(TEST_HOST)";
				INFOPLIST_FILE = 03Tests/Info.plist;
				LD_RUNPATH_SEARCH_PATHS = "$(inherited) @executable_path/Frameworks @loader_path/Frameworks";
				PRODUCT_BUNDLE_IDENTIFIER = "Dison.-3Tests";
				PRODUCT_NAME = "$(TARGET_NAME)";
				TEST_HOST = "$(BUILT_PRODUCTS_DIR)/03.app/03";
			};
			name = Debug;
		};
		0418D9361CC0A9A7009229D1 /* Release */ = {
			isa = XCBuildConfiguration;
			buildSettings = {
				BUNDLE_LOADER = "$(TEST_HOST)";
				INFOPLIST_FILE = 03Tests/Info.plist;
				LD_RUNPATH_SEARCH_PATHS = "$(inherited) @executable_path/Frameworks @loader_path/Frameworks";
				PRODUCT_BUNDLE_IDENTIFIER = "Dison.-3Tests";
				PRODUCT_NAME = "$(TARGET_NAME)";
				TEST_HOST = "$(BUILT_PRODUCTS_DIR)/03.app/03";
			};
			name = Release;
		};
		0418D9381CC0A9A7009229D1 /* Debug */ = {
			isa = XCBuildConfiguration;
			buildSettings = {
				INFOPLIST_FILE = 03UITests/Info.plist;
				LD_RUNPATH_SEARCH_PATHS = "$(inherited) @executable_path/Frameworks @loader_path/Frameworks";
				PRODUCT_BUNDLE_IDENTIFIER = "Dison.-3UITests";
				PRODUCT_NAME = "$(TARGET_NAME)";
				TEST_TARGET_NAME = 03;
			};
			name = Debug;
		};
		0418D9391CC0A9A7009229D1 /* Release */ = {
			isa = XCBuildConfiguration;
			buildSettings = {
				INFOPLIST_FILE = 03UITests/Info.plist;
				LD_RUNPATH_SEARCH_PATHS = "$(inherited) @executable_path/Frameworks @loader_path/Frameworks";
				PRODUCT_BUNDLE_IDENTIFIER = "Dison.-3UITests";
				PRODUCT_NAME = "$(TARGET_NAME)";
				TEST_TARGET_NAME = 03;
			};
			name = Release;
		};
/* End XCBuildConfiguration section */

/* Begin XCConfigurationList section */
		0418D8FF1CC0A9A6009229D1 /* Build configuration list for PBXProject "03" */ = {
			isa = XCConfigurationList;
			buildConfigurations = (
				0418D92F1CC0A9A7009229D1 /* Debug */,
				0418D9301CC0A9A7009229D1 /* Release */,
			);
			defaultConfigurationIsVisible = 0;
			defaultConfigurationName = Release;
		};
		0418D9311CC0A9A7009229D1 /* Build configuration list for PBXNativeTarget "03" */ = {
			isa = XCConfigurationList;
			buildConfigurations = (
				0418D9321CC0A9A7009229D1 /* Debug */,
				0418D9331CC0A9A7009229D1 /* Release */,
			);
			defaultConfigurationIsVisible = 0;
		};
		0418D9341CC0A9A7009229D1 /* Build configuration list for PBXNativeTarget "03Tests" */ = {
			isa = XCConfigurationList;
			buildConfigurations = (
				0418D9351CC0A9A7009229D1 /* Debug */,
				0418D9361CC0A9A7009229D1 /* Release */,
			);
			defaultConfigurationIsVisible = 0;
		};
		0418D9371CC0A9A7009229D1 /* Build configuration list for PBXNativeTarget "03UITests" */ = {
			isa = XCConfigurationList;
			buildConfigurations = (
				0418D9381CC0A9A7009229D1 /* Debug */,
				0418D9391CC0A9A7009229D1 /* Release */,
			);
			defaultConfigurationIsVisible = 0;
		};
/* End XCConfigurationList section */
	};
	rootObject = 0418D8FC1CC0A9A6009229D1 /* Project object */;
}
